
Microsoft Visual Studio Solution File, Format Version 12.00
# Visual Studio Version 17
VisualStudioVersion = 17.8.34525.116
MinimumVisualStudioVersion = 10.0.40219.1
Project("{9A19103F-16F7-4668-BE54-9A1E7A4F7556}") = "AK Schedule", "AK Schedule\AK Schedule.csproj", "{F833CE64-E2FC-44C1-904F-65449E4D42DE}"
EndProject
Global
	GlobalSection(SolutionConfigurationPlatforms) = preSolution
		Debug|Any CPU = Debug|Any CPU
		Release|Any CPU = Release|Any CPU
	EndGlobalSection
	GlobalSection(ProjectConfigurationPlatforms) = postSolution
		{F833CE64-E2FC-44C1-904F-65449E4D42DE}.Debug|Any CPU.ActiveCfg = Debug|Any CPU
		{F833CE64-E2FC-44C1-904F-65449E4D42DE}.Debug|Any CPU.Build.0 = Debug|Any CPU
		{F833CE64-E2FC-44C1-904F-65449E4D42DE}.Release|Any CPU.ActiveCfg = Release|Any CPU
		{F833CE64-E2FC-44C1-904F-65449E4D42DE}.Release|Any CPU.Build.0 = Release|Any CPU
	EndGlobalSection
	GlobalSection(SolutionProperties) = preSolution
		HideSolutionNode = FALSE
	EndGlobalSection
	GlobalSection(ExtensibilityGlobals) = postSolution
		SolutionGuid = {999A9DEE-15A0-4F1F-8624-BE44E3E091CA}
	EndGlobalSection
EndGlobal
